
Microsoft Visual Studio Solution File, Format Version 12.00
# Visual Studio Version 17
VisualStudioVersion = 17.3.32804.467
MinimumVisualStudioVersion = 10.0.40219.1
Project("{FAE04EC0-301F-11D3-BF4B-00C04F79EFBC}") = "Leads.Core", "Leads.Core\Leads.Core.csproj", "{96B4C647-A9C7-472C-B447-9FB25DA834FC}"
EndProject
Project("{2150E333-8FDC-42A3-9474-1A3956D46DE8}") = "Solution Items", "Solution Items", "{E034AE70-AC74-437F-9032-6AF3C9AEDBC3}"
	ProjectSection(SolutionItems) = preProject
		readme.txt = readme.txt
	EndProjectSection
EndProject
Project("{FAE04EC0-301F-11D3-BF4B-00C04F79EFBC}") = "Leads.RESTAPI", "Leads.RESTAPI\Leads.RESTAPI.csproj", "{6EFD2775-0C9B-4BC6-9230-4CD76D6173B7}"
EndProject
Global
	GlobalSection(SolutionConfigurationPlatforms) = preSolution
		Debug|Any CPU = Debug|Any CPU
		Release|Any CPU = Release|Any CPU
	EndGlobalSection
	GlobalSection(ProjectConfigurationPlatforms) = postSolution
		{96B4C647-A9C7-472C-B447-9FB25DA834FC}.Debug|Any CPU.ActiveCfg = Debug|Any CPU
		{96B4C647-A9C7-472C-B447-9FB25DA834FC}.Debug|Any CPU.Build.0 = Debug|Any CPU
		{96B4C647-A9C7-472C-B447-9FB25DA834FC}.Release|Any CPU.ActiveCfg = Release|Any CPU
		{96B4C647-A9C7-472C-B447-9FB25DA834FC}.Release|Any CPU.Build.0 = Release|Any CPU
		{6EFD2775-0C9B-4BC6-9230-4CD76D6173B7}.Debug|Any CPU.ActiveCfg = Debug|Any CPU
		{6EFD2775-0C9B-4BC6-9230-4CD76D6173B7}.Debug|Any CPU.Build.0 = Debug|Any CPU
		{6EFD2775-0C9B-4BC6-9230-4CD76D6173B7}.Release|Any CPU.ActiveCfg = Release|Any CPU
		{6EFD2775-0C9B-4BC6-9230-4CD76D6173B7}.Release|Any CPU.Build.0 = Release|Any CPU
	EndGlobalSection
	GlobalSection(SolutionProperties) = preSolution
		HideSolutionNode = FALSE
	EndGlobalSection
	GlobalSection(ExtensibilityGlobals) = postSolution
		SolutionGuid = {95BEDDCE-F159-4A81-95D0-F2B9E42DC0F3}
	EndGlobalSection
EndGlobal
